
Microsoft Visual Studio Solution File, Format Version 12.00
# Visual Studio Version 17
VisualStudioVersion = 17.6.33717.318
MinimumVisualStudioVersion = 10.0.40219.1
Project("{2150E333-8FDC-42A3-9474-1A3956D46DE8}") = "Microservices", "Microservices", "{A2392AB7-BA27-4495-B0A5-CBF97E150486}"
EndProject
Project("{2150E333-8FDC-42A3-9474-1A3956D46DE8}") = "UserServices", "UserServices", "{AB1D3D6E-BCB1-4D3A-B327-B0D93BD25F1A}"
EndProject
Project("{2150E333-8FDC-42A3-9474-1A3956D46DE8}") = "TaskServices", "TaskServices", "{D4C62362-383E-456A-B17D-839B9C094B38}"
EndProject
Project("{9A19103F-16F7-4668-BE54-9A1E7A4F7556}") = "TaskServices.Domain", "TaskServices.Domain\TaskServices.Domain.csproj", "{85D5B060-1BFF-45C9-84C1-433EE634EE5C}"
EndProject
Project("{9A19103F-16F7-4668-BE54-9A1E7A4F7556}") = "TaskServices.Application", "TaskServices.Application\TaskServices.Application.csproj", "{CFE977F6-AE07-4B6A-A09C-C7CE3CCAC421}"
EndProject
Project("{9A19103F-16F7-4668-BE54-9A1E7A4F7556}") = "TaskServices.Persistence", "TaskServices.Persistence\TaskServices.Persistence.csproj", "{BF42B064-67C4-401F-9A96-CF986F8D017C}"
EndProject
Project("{9A19103F-16F7-4668-BE54-9A1E7A4F7556}") = "TaskServices.Infrastructure", "TaskServices.Infrastructure\TaskServices.Infrastructure.csproj", "{679EF1CD-EE94-44F2-A4A8-68CB294F7C37}"
EndProject
Project("{9A19103F-16F7-4668-BE54-9A1E7A4F7556}") = "TaskServices.Shared", "TaskServices.Shared\TaskServices.Shared.csproj", "{F3F99A99-BCAA-4488-865D-9727E8DE8407}"
EndProject
Project("{9A19103F-16F7-4668-BE54-9A1E7A4F7556}") = "TaskServices.WebAPI", "TaskServices.WebAPI\TaskServices.WebAPI.csproj", "{50EC0551-AC4D-4164-93CB-BBEF901E638D}"
EndProject
Project("{E53339B2-1760-4266-BCC7-CA923CBCF16C}") = "docker-compose", "docker-compose.dcproj", "{4BA684E7-250E-4A49-8485-5DADB4F4A07E}"
EndProject
Project("{2150E333-8FDC-42A3-9474-1A3956D46DE8}") = "ApiGateways", "ApiGateways", "{A112BEE8-3149-4094-B399-7C19AA97D19E}"
EndProject
Project("{9A19103F-16F7-4668-BE54-9A1E7A4F7556}") = "ApiGateways", "ApiGateways\ApiGateways.csproj", "{2D9E579E-4A92-47D8-9B7A-B307836C0183}"
EndProject
Project("{9A19103F-16F7-4668-BE54-9A1E7A4F7556}") = "UserServices.Domain", "UserServices.Domain\UserServices.Domain.csproj", "{CF5D714A-2B41-473D-B0CD-D3239D520D70}"
EndProject
Project("{9A19103F-16F7-4668-BE54-9A1E7A4F7556}") = "UserServices.Application", "UserServices.Application\UserServices.Application.csproj", "{C96F35D9-CDFE-4C48-B9BA-FDE3990F6EF7}"
EndProject
Project("{9A19103F-16F7-4668-BE54-9A1E7A4F7556}") = "UserServices.Infrastructure", "UserServices.Infrastructure\UserServices.Infrastructure.csproj", "{A9BA1EA4-9A2C-4C3C-A0D0-6F8EA6987C35}"
EndProject
Project("{9A19103F-16F7-4668-BE54-9A1E7A4F7556}") = "UserServices.Persistence", "UserServices.Persistence\UserServices.Persistence.csproj", "{010EBDEF-C660-4019-8819-7CCA383F7213}"
EndProject
Project("{9A19103F-16F7-4668-BE54-9A1E7A4F7556}") = "UserServices.Shared", "UserServices.Shared\UserServices.Shared.csproj", "{FE5C525F-1D51-4983-8578-38F0ADF5C388}"
EndProject
Project("{9A19103F-16F7-4668-BE54-9A1E7A4F7556}") = "UserServices.WebAPI", "UserServices.WebAPI\UserServices.WebAPI.csproj", "{972ABCB9-FD7E-4C7E-A5FD-066755536E1F}"
EndProject
Project("{2150E333-8FDC-42A3-9474-1A3956D46DE8}") = "NotificationServices", "NotificationServices", "{88ED9703-E2E5-4C17-89F3-939C97B2F5D6}"
EndProject
Project("{9A19103F-16F7-4668-BE54-9A1E7A4F7556}") = "NotificationServices.Domain", "NotificationServices.Domain\NotificationServices.Domain.csproj", "{D2888753-79B5-4FBA-A54D-BD055A2C4689}"
EndProject
Project("{9A19103F-16F7-4668-BE54-9A1E7A4F7556}") = "NotificationServices.Infrastructure", "NotificationServices.Infrastructure\NotificationServices.Infrastructure.csproj", "{096D9394-3E76-4C6E-8683-DD71A4479CBF}"
EndProject
Project("{9A19103F-16F7-4668-BE54-9A1E7A4F7556}") = "NotificationServices.Persistence", "NotificationServices.Persistence\NotificationServices.Persistence.csproj", "{EC419668-4673-4D86-B377-B88D4F037428}"
EndProject
Project("{9A19103F-16F7-4668-BE54-9A1E7A4F7556}") = "NotificationServices.Shared", "NotificationServices.Shared\NotificationServices.Shared.csproj", "{495FE251-D38F-4F6E-860F-E1A43D91E923}"
EndProject
Project("{9A19103F-16F7-4668-BE54-9A1E7A4F7556}") = "NotificationServices.WebAPI", "NotificationServices.WebAPI\NotificationServices.WebAPI.csproj", "{F9384664-D7A7-4CE7-8668-412F04951B8F}"
EndProject
Project("{9A19103F-16F7-4668-BE54-9A1E7A4F7556}") = "NotificationServices.Application", "NotificationServices.Application\NotificationServices.Application.csproj", "{2AD63E51-0BDC-4B6B-9B4F-7F9600810E08}"
EndProject
Global
	GlobalSection(SolutionConfigurationPlatforms) = preSolution
		Debug|Any CPU = Debug|Any CPU
		Release|Any CPU = Release|Any CPU
	EndGlobalSection
	GlobalSection(ProjectConfigurationPlatforms) = postSolution
		{85D5B060-1BFF-45C9-84C1-433EE634EE5C}.Debug|Any CPU.ActiveCfg = Debug|Any CPU
		{85D5B060-1BFF-45C9-84C1-433EE634EE5C}.Debug|Any CPU.Build.0 = Debug|Any CPU
		{85D5B060-1BFF-45C9-84C1-433EE634EE5C}.Release|Any CPU.ActiveCfg = Release|Any CPU
		{85D5B060-1BFF-45C9-84C1-433EE634EE5C}.Release|Any CPU.Build.0 = Release|Any CPU
		{CFE977F6-AE07-4B6A-A09C-C7CE3CCAC421}.Debug|Any CPU.ActiveCfg = Debug|Any CPU
		{CFE977F6-AE07-4B6A-A09C-C7CE3CCAC421}.Debug|Any CPU.Build.0 = Debug|Any CPU
		{CFE977F6-AE07-4B6A-A09C-C7CE3CCAC421}.Release|Any CPU.ActiveCfg = Release|Any CPU
		{CFE977F6-AE07-4B6A-A09C-C7CE3CCAC421}.Release|Any CPU.Build.0 = Release|Any CPU
		{BF42B064-67C4-401F-9A96-CF986F8D017C}.Debug|Any CPU.ActiveCfg = Debug|Any CPU
		{BF42B064-67C4-401F-9A96-CF986F8D017C}.Debug|Any CPU.Build.0 = Debug|Any CPU
		{BF42B064-67C4-401F-9A96-CF986F8D017C}.Release|Any CPU.ActiveCfg = Release|Any CPU
		{BF42B064-67C4-401F-9A96-CF986F8D017C}.Release|Any CPU.Build.0 = Release|Any CPU
		{679EF1CD-EE94-44F2-A4A8-68CB294F7C37}.Debug|Any CPU.ActiveCfg = Debug|Any CPU
		{679EF1CD-EE94-44F2-A4A8-68CB294F7C37}.Debug|Any CPU.Build.0 = Debug|Any CPU
		{679EF1CD-EE94-44F2-A4A8-68CB294F7C37}.Release|Any CPU.ActiveCfg = Release|Any CPU
		{679EF1CD-EE94-44F2-A4A8-68CB294F7C37}.Release|Any CPU.Build.0 = Release|Any CPU
		{F3F99A99-BCAA-4488-865D-9727E8DE8407}.Debug|Any CPU.ActiveCfg = Debug|Any CPU
		{F3F99A99-BCAA-4488-865D-9727E8DE8407}.Debug|Any CPU.Build.0 = Debug|Any CPU
		{F3F99A99-BCAA-4488-865D-9727E8DE8407}.Release|Any CPU.ActiveCfg = Release|Any CPU
		{F3F99A99-BCAA-4488-865D-9727E8DE8407}.Release|Any CPU.Build.0 = Release|Any CPU
		{50EC0551-AC4D-4164-93CB-BBEF901E638D}.Debug|Any CPU.ActiveCfg = Debug|Any CPU
		{50EC0551-AC4D-4164-93CB-BBEF901E638D}.Debug|Any CPU.Build.0 = Debug|Any CPU
		{50EC0551-AC4D-4164-93CB-BBEF901E638D}.Release|Any CPU.ActiveCfg = Release|Any CPU
		{50EC0551-AC4D-4164-93CB-BBEF901E638D}.Release|Any CPU.Build.0 = Release|Any CPU
		{4BA684E7-250E-4A49-8485-5DADB4F4A07E}.Debug|Any CPU.ActiveCfg = Debug|Any CPU
		{4BA684E7-250E-4A49-8485-5DADB4F4A07E}.Debug|Any CPU.Build.0 = Debug|Any CPU
		{4BA684E7-250E-4A49-8485-5DADB4F4A07E}.Release|Any CPU.ActiveCfg = Release|Any CPU
		{4BA684E7-250E-4A49-8485-5DADB4F4A07E}.Release|Any CPU.Build.0 = Release|Any CPU
		{2D9E579E-4A92-47D8-9B7A-B307836C0183}.Debug|Any CPU.ActiveCfg = Debug|Any CPU
		{2D9E579E-4A92-47D8-9B7A-B307836C0183}.Debug|Any CPU.Build.0 = Debug|Any CPU
		{2D9E579E-4A92-47D8-9B7A-B307836C0183}.Release|Any CPU.ActiveCfg = Release|Any CPU
		{2D9E579E-4A92-47D8-9B7A-B307836C0183}.Release|Any CPU.Build.0 = Release|Any CPU
		{CF5D714A-2B41-473D-B0CD-D3239D520D70}.Debug|Any CPU.ActiveCfg = Debug|Any CPU
		{CF5D714A-2B41-473D-B0CD-D3239D520D70}.Debug|Any CPU.Build.0 = Debug|Any CPU
		{CF5D714A-2B41-473D-B0CD-D3239D520D70}.Release|Any CPU.ActiveCfg = Release|Any CPU
		{CF5D714A-2B41-473D-B0CD-D3239D520D70}.Release|Any CPU.Build.0 = Release|Any CPU
		{C96F35D9-CDFE-4C48-B9BA-FDE3990F6EF7}.Debug|Any CPU.ActiveCfg = Debug|Any CPU
		{C96F35D9-CDFE-4C48-B9BA-FDE3990F6EF7}.Debug|Any CPU.Build.0 = Debug|Any CPU
		{C96F35D9-CDFE-4C48-B9BA-FDE3990F6EF7}.Release|Any CPU.ActiveCfg = Release|Any CPU
		{C96F35D9-CDFE-4C48-B9BA-FDE3990F6EF7}.Release|Any CPU.Build.0 = Release|Any CPU
		{A9BA1EA4-9A2C-4C3C-A0D0-6F8EA6987C35}.Debug|Any CPU.ActiveCfg = Debug|Any CPU
		{A9BA1EA4-9A2C-4C3C-A0D0-6F8EA6987C35}.Debug|Any CPU.Build.0 = Debug|Any CPU
		{A9BA1EA4-9A2C-4C3C-A0D0-6F8EA6987C35}.Release|Any CPU.ActiveCfg = Release|Any CPU
		{A9BA1EA4-9A2C-4C3C-A0D0-6F8EA6987C35}.Release|Any CPU.Build.0 = Release|Any CPU
		{010EBDEF-C660-4019-8819-7CCA383F7213}.Debug|Any CPU.ActiveCfg = Debug|Any CPU
		{010EBDEF-C660-4019-8819-7CCA383F7213}.Debug|Any CPU.Build.0 = Debug|Any CPU
		{010EBDEF-C660-4019-8819-7CCA383F7213}.Release|Any CPU.ActiveCfg = Release|Any CPU
		{010EBDEF-C660-4019-8819-7CCA383F7213}.Release|Any CPU.Build.0 = Release|Any CPU
		{FE5C525F-1D51-4983-8578-38F0ADF5C388}.Debug|Any CPU.ActiveCfg = Debug|Any CPU
		{FE5C525F-1D51-4983-8578-38F0ADF5C388}.Debug|Any CPU.Build.0 = Debug|Any CPU
		{FE5C525F-1D51-4983-8578-38F0ADF5C388}.Release|Any CPU.ActiveCfg = Release|Any CPU
		{FE5C525F-1D51-4983-8578-38F0ADF5C388}.Release|Any CPU.Build.0 = Release|Any CPU
		{972ABCB9-FD7E-4C7E-A5FD-066755536E1F}.Debug|Any CPU.ActiveCfg = Debug|Any CPU
		{972ABCB9-FD7E-4C7E-A5FD-066755536E1F}.Debug|Any CPU.Build.0 = Debug|Any CPU
		{972ABCB9-FD7E-4C7E-A5FD-066755536E1F}.Release|Any CPU.ActiveCfg = Release|Any CPU
		{972ABCB9-FD7E-4C7E-A5FD-066755536E1F}.Release|Any CPU.Build.0 = Release|Any CPU
		{D2888753-79B5-4FBA-A54D-BD055A2C4689}.Debug|Any CPU.ActiveCfg = Debug|Any CPU
		{D2888753-79B5-4FBA-A54D-BD055A2C4689}.Debug|Any CPU.Build.0 = Debug|Any CPU
		{D2888753-79B5-4FBA-A54D-BD055A2C4689}.Release|Any CPU.ActiveCfg = Release|Any CPU
		{D2888753-79B5-4FBA-A54D-BD055A2C4689}.Release|Any CPU.Build.0 = Release|Any CPU
		{096D9394-3E76-4C6E-8683-DD71A4479CBF}.Debug|Any CPU.ActiveCfg = Debug|Any CPU
		{096D9394-3E76-4C6E-8683-DD71A4479CBF}.Debug|Any CPU.Build.0 = Debug|Any CPU
		{096D9394-3E76-4C6E-8683-DD71A4479CBF}.Release|Any CPU.ActiveCfg = Release|Any CPU
		{096D9394-3E76-4C6E-8683-DD71A4479CBF}.Release|Any CPU.Build.0 = Release|Any CPU
		{EC419668-4673-4D86-B377-B88D4F037428}.Debug|Any CPU.ActiveCfg = Debug|Any CPU
		{EC419668-4673-4D86-B377-B88D4F037428}.Debug|Any CPU.Build.0 = Debug|Any CPU
		{EC419668-4673-4D86-B377-B88D4F037428}.Release|Any CPU.ActiveCfg = Release|Any CPU
		{EC419668-4673-4D86-B377-B88D4F037428}.Release|Any CPU.Build.0 = Release|Any CPU
		{495FE251-D38F-4F6E-860F-E1A43D91E923}.Debug|Any CPU.ActiveCfg = Debug|Any CPU
		{495FE251-D38F-4F6E-860F-E1A43D91E923}.Debug|Any CPU.Build.0 = Debug|Any CPU
		{495FE251-D38F-4F6E-860F-E1A43D91E923}.Release|Any CPU.ActiveCfg = Release|Any CPU
		{495FE251-D38F-4F6E-860F-E1A43D91E923}.Release|Any CPU.Build.0 = Release|Any CPU
		{F9384664-D7A7-4CE7-8668-412F04951B8F}.Debug|Any CPU.ActiveCfg = Debug|Any CPU
		{F9384664-D7A7-4CE7-8668-412F04951B8F}.Debug|Any CPU.Build.0 = Debug|Any CPU
		{F9384664-D7A7-4CE7-8668-412F04951B8F}.Release|Any CPU.ActiveCfg = Release|Any CPU
		{F9384664-D7A7-4CE7-8668-412F04951B8F}.Release|Any CPU.Build.0 = Release|Any CPU
		{2AD63E51-0BDC-4B6B-9B4F-7F9600810E08}.Debug|Any CPU.ActiveCfg = Debug|Any CPU
		{2AD63E51-0BDC-4B6B-9B4F-7F9600810E08}.Debug|Any CPU.Build.0 = Debug|Any CPU
		{2AD63E51-0BDC-4B6B-9B4F-7F9600810E08}.Release|Any CPU.ActiveCfg = Release|Any CPU
		{2AD63E51-0BDC-4B6B-9B4F-7F9600810E08}.Release|Any CPU.Build.0 = Release|Any CPU
	EndGlobalSection
	GlobalSection(SolutionProperties) = preSolution
		HideSolutionNode = FALSE
	EndGlobalSection
	GlobalSection(NestedProjects) = preSolution
		{AB1D3D6E-BCB1-4D3A-B327-B0D93BD25F1A} = {A2392AB7-BA27-4495-B0A5-CBF97E150486}
		{D4C62362-383E-456A-B17D-839B9C094B38} = {A2392AB7-BA27-4495-B0A5-CBF97E150486}
		{85D5B060-1BFF-45C9-84C1-433EE634EE5C} = {D4C62362-383E-456A-B17D-839B9C094B38}
		{CFE977F6-AE07-4B6A-A09C-C7CE3CCAC421} = {D4C62362-383E-456A-B17D-839B9C094B38}
		{BF42B064-67C4-401F-9A96-CF986F8D017C} = {D4C62362-383E-456A-B17D-839B9C094B38}
		{679EF1CD-EE94-44F2-A4A8-68CB294F7C37} = {D4C62362-383E-456A-B17D-839B9C094B38}
		{F3F99A99-BCAA-4488-865D-9727E8DE8407} = {D4C62362-383E-456A-B17D-839B9C094B38}
		{50EC0551-AC4D-4164-93CB-BBEF901E638D} = {D4C62362-383E-456A-B17D-839B9C094B38}
		{2D9E579E-4A92-47D8-9B7A-B307836C0183} = {A112BEE8-3149-4094-B399-7C19AA97D19E}
		{CF5D714A-2B41-473D-B0CD-D3239D520D70} = {AB1D3D6E-BCB1-4D3A-B327-B0D93BD25F1A}
		{C96F35D9-CDFE-4C48-B9BA-FDE3990F6EF7} = {AB1D3D6E-BCB1-4D3A-B327-B0D93BD25F1A}
		{A9BA1EA4-9A2C-4C3C-A0D0-6F8EA6987C35} = {AB1D3D6E-BCB1-4D3A-B327-B0D93BD25F1A}
		{010EBDEF-C660-4019-8819-7CCA383F7213} = {AB1D3D6E-BCB1-4D3A-B327-B0D93BD25F1A}
		{FE5C525F-1D51-4983-8578-38F0ADF5C388} = {AB1D3D6E-BCB1-4D3A-B327-B0D93BD25F1A}
		{972ABCB9-FD7E-4C7E-A5FD-066755536E1F} = {AB1D3D6E-BCB1-4D3A-B327-B0D93BD25F1A}
		{88ED9703-E2E5-4C17-89F3-939C97B2F5D6} = {A2392AB7-BA27-4495-B0A5-CBF97E150486}
		{D2888753-79B5-4FBA-A54D-BD055A2C4689} = {88ED9703-E2E5-4C17-89F3-939C97B2F5D6}
		{096D9394-3E76-4C6E-8683-DD71A4479CBF} = {88ED9703-E2E5-4C17-89F3-939C97B2F5D6}
		{EC419668-4673-4D86-B377-B88D4F037428} = {88ED9703-E2E5-4C17-89F3-939C97B2F5D6}
		{495FE251-D38F-4F6E-860F-E1A43D91E923} = {88ED9703-E2E5-4C17-89F3-939C97B2F5D6}
		{F9384664-D7A7-4CE7-8668-412F04951B8F} = {88ED9703-E2E5-4C17-89F3-939C97B2F5D6}
		{2AD63E51-0BDC-4B6B-9B4F-7F9600810E08} = {88ED9703-E2E5-4C17-89F3-939C97B2F5D6}
	EndGlobalSection
	GlobalSection(ExtensibilityGlobals) = postSolution
		SolutionGuid = {EFA6619C-8E5D-4858-8962-6F76C152C7CB}
	EndGlobalSection
EndGlobal
